
Microsoft Visual Studio Solution File, Format Version 12.00
# Visual Studio Version 17
VisualStudioVersion = 17.1.32328.378
MinimumVisualStudioVersion = 10.0.40219.1
Project("{FAE04EC0-301F-11D3-BF4B-00C04F79EFBC}") = "If", "If\If.csproj", "{1B6CE94D-70C8-463D-B922-8C48C81A61EA}"
EndProject
Project("{FAE04EC0-301F-11D3-BF4B-00C04F79EFBC}") = "If, else", "If, else\If, else.csproj", "{3752AFB1-9A95-4E67-8A3D-BEA8C44EDA98}"
EndProject
Project("{FAE04EC0-301F-11D3-BF4B-00C04F79EFBC}") = "Else if", "Else if\Else if.csproj", "{7B14A19B-9209-474B-9AB3-29B5D6E77AB8}"
EndProject
Project("{FAE04EC0-301F-11D3-BF4B-00C04F79EFBC}") = "Skrócone wyrażenie rachunkowe", "Skrócone wyrażenie rachunkowe\Skrócone wyrażenie rachunkowe.csproj", "{B5BAAC96-02CE-4CBF-9C34-ED099B6F2C40}"
EndProject
Project("{FAE04EC0-301F-11D3-BF4B-00C04F79EFBC}") = "Switch", "Switch\Switch.csproj", "{02AA74AD-423B-4D2D-A001-6760728D756B}"
EndProject
Project("{FAE04EC0-301F-11D3-BF4B-00C04F79EFBC}") = "While", "While\While.csproj", "{4410811D-067B-4203-9AAE-597444F2ADF6}"
EndProject
Project("{FAE04EC0-301F-11D3-BF4B-00C04F79EFBC}") = "Do While", "Do While\Do While.csproj", "{EC0D2773-F9FC-4FEE-B69E-40B83D25FD4A}"
EndProject
Project("{FAE04EC0-301F-11D3-BF4B-00C04F79EFBC}") = "For", "For\For.csproj", "{4B6120C5-7EE7-4A50-9887-D595AA44BC2A}"
EndProject
Project("{FAE04EC0-301F-11D3-BF4B-00C04F79EFBC}") = "ForEach", "ForEach\ForEach.csproj", "{66C60009-53ED-4920-B7D0-CBE69734C5A6}"
EndProject
Project("{FAE04EC0-301F-11D3-BF4B-00C04F79EFBC}") = "Instrukcje skoku - break, continue", "Instrukcje skoku - break, continue\Instrukcje skoku - break, continue.csproj", "{8355FEF0-9DE1-4C33-9011-FE90DDD70726}"
EndProject
Project("{FAE04EC0-301F-11D3-BF4B-00C04F79EFBC}") = "Goto", "Goto\Goto.csproj", "{D2C61A44-FF7E-4B77-858B-77F5DA1BB404}"
EndProject
Project("{FAE04EC0-301F-11D3-BF4B-00C04F79EFBC}") = "Średnia arytmetyczna - praktyka", "Średnia arytmetyczna - praktyka\Średnia arytmetyczna - praktyka.csproj", "{23EEE429-AB2A-4BC1-B125-F7CE509CC89B}"
EndProject
Global
	GlobalSection(SolutionConfigurationPlatforms) = preSolution
		Debug|Any CPU = Debug|Any CPU
		Release|Any CPU = Release|Any CPU
	EndGlobalSection
	GlobalSection(ProjectConfigurationPlatforms) = postSolution
		{1B6CE94D-70C8-463D-B922-8C48C81A61EA}.Debug|Any CPU.ActiveCfg = Debug|Any CPU
		{1B6CE94D-70C8-463D-B922-8C48C81A61EA}.Debug|Any CPU.Build.0 = Debug|Any CPU
		{1B6CE94D-70C8-463D-B922-8C48C81A61EA}.Release|Any CPU.ActiveCfg = Release|Any CPU
		{1B6CE94D-70C8-463D-B922-8C48C81A61EA}.Release|Any CPU.Build.0 = Release|Any CPU
		{3752AFB1-9A95-4E67-8A3D-BEA8C44EDA98}.Debug|Any CPU.ActiveCfg = Debug|Any CPU
		{3752AFB1-9A95-4E67-8A3D-BEA8C44EDA98}.Debug|Any CPU.Build.0 = Debug|Any CPU
		{3752AFB1-9A95-4E67-8A3D-BEA8C44EDA98}.Release|Any CPU.ActiveCfg = Release|Any CPU
		{3752AFB1-9A95-4E67-8A3D-BEA8C44EDA98}.Release|Any CPU.Build.0 = Release|Any CPU
		{7B14A19B-9209-474B-9AB3-29B5D6E77AB8}.Debug|Any CPU.ActiveCfg = Debug|Any CPU
		{7B14A19B-9209-474B-9AB3-29B5D6E77AB8}.Debug|Any CPU.Build.0 = Debug|Any CPU
		{7B14A19B-9209-474B-9AB3-29B5D6E77AB8}.Release|Any CPU.ActiveCfg = Release|Any CPU
		{7B14A19B-9209-474B-9AB3-29B5D6E77AB8}.Release|Any CPU.Build.0 = Release|Any CPU
		{B5BAAC96-02CE-4CBF-9C34-ED099B6F2C40}.Debug|Any CPU.ActiveCfg = Debug|Any CPU
		{B5BAAC96-02CE-4CBF-9C34-ED099B6F2C40}.Debug|Any CPU.Build.0 = Debug|Any CPU
		{B5BAAC96-02CE-4CBF-9C34-ED099B6F2C40}.Release|Any CPU.ActiveCfg = Release|Any CPU
		{B5BAAC96-02CE-4CBF-9C34-ED099B6F2C40}.Release|Any CPU.Build.0 = Release|Any CPU
		{02AA74AD-423B-4D2D-A001-6760728D756B}.Debug|Any CPU.ActiveCfg = Debug|Any CPU
		{02AA74AD-423B-4D2D-A001-6760728D756B}.Debug|Any CPU.Build.0 = Debug|Any CPU
		{02AA74AD-423B-4D2D-A001-6760728D756B}.Release|Any CPU.ActiveCfg = Release|Any CPU
		{02AA74AD-423B-4D2D-A001-6760728D756B}.Release|Any CPU.Build.0 = Release|Any CPU
		{4410811D-067B-4203-9AAE-597444F2ADF6}.Debug|Any CPU.ActiveCfg = Debug|Any CPU
		{4410811D-067B-4203-9AAE-597444F2ADF6}.Debug|Any CPU.Build.0 = Debug|Any CPU
		{4410811D-067B-4203-9AAE-597444F2ADF6}.Release|Any CPU.ActiveCfg = Release|Any CPU
		{4410811D-067B-4203-9AAE-597444F2ADF6}.Release|Any CPU.Build.0 = Release|Any CPU
		{EC0D2773-F9FC-4FEE-B69E-40B83D25FD4A}.Debug|Any CPU.ActiveCfg = Debug|Any CPU
		{EC0D2773-F9FC-4FEE-B69E-40B83D25FD4A}.Debug|Any CPU.Build.0 = Debug|Any CPU
		{EC0D2773-F9FC-4FEE-B69E-40B83D25FD4A}.Release|Any CPU.ActiveCfg = Release|Any CPU
		{EC0D2773-F9FC-4FEE-B69E-40B83D25FD4A}.Release|Any CPU.Build.0 = Release|Any CPU
		{4B6120C5-7EE7-4A50-9887-D595AA44BC2A}.Debug|Any CPU.ActiveCfg = Debug|Any CPU
		{4B6120C5-7EE7-4A50-9887-D595AA44BC2A}.Debug|Any CPU.Build.0 = Debug|Any CPU
		{4B6120C5-7EE7-4A50-9887-D595AA44BC2A}.Release|Any CPU.ActiveCfg = Release|Any CPU
		{4B6120C5-7EE7-4A50-9887-D595AA44BC2A}.Release|Any CPU.Build.0 = Release|Any CPU
		{66C60009-53ED-4920-B7D0-CBE69734C5A6}.Debug|Any CPU.ActiveCfg = Debug|Any CPU
		{66C60009-53ED-4920-B7D0-CBE69734C5A6}.Debug|Any CPU.Build.0 = Debug|Any CPU
		{66C60009-53ED-4920-B7D0-CBE69734C5A6}.Release|Any CPU.ActiveCfg = Release|Any CPU
		{66C60009-53ED-4920-B7D0-CBE69734C5A6}.Release|Any CPU.Build.0 = Release|Any CPU
		{8355FEF0-9DE1-4C33-9011-FE90DDD70726}.Debug|Any CPU.ActiveCfg = Debug|Any CPU
		{8355FEF0-9DE1-4C33-9011-FE90DDD70726}.Debug|Any CPU.Build.0 = Debug|Any CPU
		{8355FEF0-9DE1-4C33-9011-FE90DDD70726}.Release|Any CPU.ActiveCfg = Release|Any CPU
		{8355FEF0-9DE1-4C33-9011-FE90DDD70726}.Release|Any CPU.Build.0 = Release|Any CPU
		{D2C61A44-FF7E-4B77-858B-77F5DA1BB404}.Debug|Any CPU.ActiveCfg = Debug|Any CPU
		{D2C61A44-FF7E-4B77-858B-77F5DA1BB404}.Debug|Any CPU.Build.0 = Debug|Any CPU
		{D2C61A44-FF7E-4B77-858B-77F5DA1BB404}.Release|Any CPU.ActiveCfg = Release|Any CPU
		{D2C61A44-FF7E-4B77-858B-77F5DA1BB404}.Release|Any CPU.Build.0 = Release|Any CPU
		{23EEE429-AB2A-4BC1-B125-F7CE509CC89B}.Debug|Any CPU.ActiveCfg = Debug|Any CPU
		{23EEE429-AB2A-4BC1-B125-F7CE509CC89B}.Debug|Any CPU.Build.0 = Debug|Any CPU
		{23EEE429-AB2A-4BC1-B125-F7CE509CC89B}.Release|Any CPU.ActiveCfg = Release|Any CPU
		{23EEE429-AB2A-4BC1-B125-F7CE509CC89B}.Release|Any CPU.Build.0 = Release|Any CPU
	EndGlobalSection
	GlobalSection(SolutionProperties) = preSolution
		HideSolutionNode = FALSE
	EndGlobalSection
	GlobalSection(ExtensibilityGlobals) = postSolution
		SolutionGuid = {9080721F-CB51-4689-8323-2C0EC2B511A1}
	EndGlobalSection
EndGlobal
