
Microsoft Visual Studio Solution File, Format Version 12.00
# Visual Studio Version 17
VisualStudioVersion = 17.1.32328.378
MinimumVisualStudioVersion = 10.0.40219.1
Project("{FAE04EC0-301F-11D3-BF4B-00C04F79EFBC}") = "Operatory arytmetyczne", "Operatory arytmetyczne\Operatory arytmetyczne.csproj", "{AE446A21-FE65-4338-A0CD-050ADDF29DED}"
EndProject
Project("{FAE04EC0-301F-11D3-BF4B-00C04F79EFBC}") = "Skrócone operatory arytmetyczne", "Skrócone operatory arytmetyczne\Skrócone operatory arytmetyczne.csproj", "{7B327D87-53A9-484B-B25A-4C7CC805B647}"
EndProject
Project("{FAE04EC0-301F-11D3-BF4B-00C04F79EFBC}") = "Inkrementacja i dekrementacja", "Inkrementacja i dekrementacja\Inkrementacja i dekrementacja.csproj", "{B9D5F876-F82C-4376-AF6C-CD4768657117}"
EndProject
Project("{FAE04EC0-301F-11D3-BF4B-00C04F79EFBC}") = "Operatory porównania", "Operatory porównania\Operatory porównania.csproj", "{155CD68A-CE11-4495-AEAD-6294C402B66C}"
EndProject
Project("{FAE04EC0-301F-11D3-BF4B-00C04F79EFBC}") = "Operatory logiczne", "Operatory logiczne\Operatory logiczne.csproj", "{F8EC38DC-E020-4489-A50D-667C35A6EF99}"
EndProject
Global
	GlobalSection(SolutionConfigurationPlatforms) = preSolution
		Debug|Any CPU = Debug|Any CPU
		Release|Any CPU = Release|Any CPU
	EndGlobalSection
	GlobalSection(ProjectConfigurationPlatforms) = postSolution
		{AE446A21-FE65-4338-A0CD-050ADDF29DED}.Debug|Any CPU.ActiveCfg = Debug|Any CPU
		{AE446A21-FE65-4338-A0CD-050ADDF29DED}.Debug|Any CPU.Build.0 = Debug|Any CPU
		{AE446A21-FE65-4338-A0CD-050ADDF29DED}.Release|Any CPU.ActiveCfg = Release|Any CPU
		{AE446A21-FE65-4338-A0CD-050ADDF29DED}.Release|Any CPU.Build.0 = Release|Any CPU
		{7B327D87-53A9-484B-B25A-4C7CC805B647}.Debug|Any CPU.ActiveCfg = Debug|Any CPU
		{7B327D87-53A9-484B-B25A-4C7CC805B647}.Debug|Any CPU.Build.0 = Debug|Any CPU
		{7B327D87-53A9-484B-B25A-4C7CC805B647}.Release|Any CPU.ActiveCfg = Release|Any CPU
		{7B327D87-53A9-484B-B25A-4C7CC805B647}.Release|Any CPU.Build.0 = Release|Any CPU
		{B9D5F876-F82C-4376-AF6C-CD4768657117}.Debug|Any CPU.ActiveCfg = Debug|Any CPU
		{B9D5F876-F82C-4376-AF6C-CD4768657117}.Debug|Any CPU.Build.0 = Debug|Any CPU
		{B9D5F876-F82C-4376-AF6C-CD4768657117}.Release|Any CPU.ActiveCfg = Release|Any CPU
		{B9D5F876-F82C-4376-AF6C-CD4768657117}.Release|Any CPU.Build.0 = Release|Any CPU
		{155CD68A-CE11-4495-AEAD-6294C402B66C}.Debug|Any CPU.ActiveCfg = Debug|Any CPU
		{155CD68A-CE11-4495-AEAD-6294C402B66C}.Debug|Any CPU.Build.0 = Debug|Any CPU
		{155CD68A-CE11-4495-AEAD-6294C402B66C}.Release|Any CPU.ActiveCfg = Release|Any CPU
		{155CD68A-CE11-4495-AEAD-6294C402B66C}.Release|Any CPU.Build.0 = Release|Any CPU
		{F8EC38DC-E020-4489-A50D-667C35A6EF99}.Debug|Any CPU.ActiveCfg = Debug|Any CPU
		{F8EC38DC-E020-4489-A50D-667C35A6EF99}.Debug|Any CPU.Build.0 = Debug|Any CPU
		{F8EC38DC-E020-4489-A50D-667C35A6EF99}.Release|Any CPU.ActiveCfg = Release|Any CPU
		{F8EC38DC-E020-4489-A50D-667C35A6EF99}.Release|Any CPU.Build.0 = Release|Any CPU
	EndGlobalSection
	GlobalSection(SolutionProperties) = preSolution
		HideSolutionNode = FALSE
	EndGlobalSection
	GlobalSection(ExtensibilityGlobals) = postSolution
		SolutionGuid = {9B984EA8-A7F4-43A5-B4A4-5DF87A0C39A2}
	EndGlobalSection
EndGlobal
