
Microsoft Visual Studio Solution File, Format Version 12.00
# Visual Studio Version 17
VisualStudioVersion = 17.1.32328.378
MinimumVisualStudioVersion = 10.0.40219.1
Project("{FAE04EC0-301F-11D3-BF4B-00C04F79EFBC}") = "Funkcje bezargumentowe", "Funkcje bezargumentowe\Funkcje bezargumentowe.csproj", "{AE54FC33-C41B-423F-B133-9F67067D55D0}"
EndProject
Project("{FAE04EC0-301F-11D3-BF4B-00C04F79EFBC}") = "Funkcje - argumenty", "Funkcje - argumenty\Funkcje - argumenty.csproj", "{D00544B5-91E4-417E-BCB8-D0EC5F128B6B}"
EndProject
Project("{FAE04EC0-301F-11D3-BF4B-00C04F79EFBC}") = "Zwracanie wartości", "Zwracanie wartości\Zwracanie wartości.csproj", "{60CB1888-A10B-4D12-8D69-FE8F07E61527}"
EndProject
Project("{FAE04EC0-301F-11D3-BF4B-00C04F79EFBC}") = "Argumenty nazwane", "Argumenty nazwane\Argumenty nazwane.csproj", "{FD0751A8-EFF1-46C4-99BC-18BD1E69B147}"
EndProject
Project("{FAE04EC0-301F-11D3-BF4B-00C04F79EFBC}") = "Wartości domyślne", "Wartości domyślne\Wartości domyślne.csproj", "{576EAD96-700C-4000-AA49-0EF27F08E92D}"
EndProject
Project("{FAE04EC0-301F-11D3-BF4B-00C04F79EFBC}") = "Przeciążanie nazw funkcji", "Przeciążanie nazw funkcji\Przeciążanie nazw funkcji.csproj", "{6E337A64-0BCF-457F-A86D-3CEA8948121A}"
EndProject
Project("{FAE04EC0-301F-11D3-BF4B-00C04F79EFBC}") = "Params", "Params\Params.csproj", "{A5759730-91EF-465B-9FCA-60E5490C832F}"
EndProject
Project("{FAE04EC0-301F-11D3-BF4B-00C04F79EFBC}") = "Rekurencja", "Rekurencja\Rekurencja.csproj", "{6C0AE8CF-EDD6-4BD7-95AE-5A4838C01785}"
EndProject
Project("{FAE04EC0-301F-11D3-BF4B-00C04F79EFBC}") = "Ref", "Ref i out\Ref.csproj", "{78C7839F-73DC-402C-848C-F12393BFDD53}"
EndProject
Project("{FAE04EC0-301F-11D3-BF4B-00C04F79EFBC}") = "Out", "Out\Out.csproj", "{7397AD86-D0B0-4627-93A5-00C2A84686CB}"
EndProject
Global
	GlobalSection(SolutionConfigurationPlatforms) = preSolution
		Debug|Any CPU = Debug|Any CPU
		Release|Any CPU = Release|Any CPU
	EndGlobalSection
	GlobalSection(ProjectConfigurationPlatforms) = postSolution
		{AE54FC33-C41B-423F-B133-9F67067D55D0}.Debug|Any CPU.ActiveCfg = Debug|Any CPU
		{AE54FC33-C41B-423F-B133-9F67067D55D0}.Debug|Any CPU.Build.0 = Debug|Any CPU
		{AE54FC33-C41B-423F-B133-9F67067D55D0}.Release|Any CPU.ActiveCfg = Release|Any CPU
		{AE54FC33-C41B-423F-B133-9F67067D55D0}.Release|Any CPU.Build.0 = Release|Any CPU
		{D00544B5-91E4-417E-BCB8-D0EC5F128B6B}.Debug|Any CPU.ActiveCfg = Debug|Any CPU
		{D00544B5-91E4-417E-BCB8-D0EC5F128B6B}.Debug|Any CPU.Build.0 = Debug|Any CPU
		{D00544B5-91E4-417E-BCB8-D0EC5F128B6B}.Release|Any CPU.ActiveCfg = Release|Any CPU
		{D00544B5-91E4-417E-BCB8-D0EC5F128B6B}.Release|Any CPU.Build.0 = Release|Any CPU
		{60CB1888-A10B-4D12-8D69-FE8F07E61527}.Debug|Any CPU.ActiveCfg = Debug|Any CPU
		{60CB1888-A10B-4D12-8D69-FE8F07E61527}.Debug|Any CPU.Build.0 = Debug|Any CPU
		{60CB1888-A10B-4D12-8D69-FE8F07E61527}.Release|Any CPU.ActiveCfg = Release|Any CPU
		{60CB1888-A10B-4D12-8D69-FE8F07E61527}.Release|Any CPU.Build.0 = Release|Any CPU
		{FD0751A8-EFF1-46C4-99BC-18BD1E69B147}.Debug|Any CPU.ActiveCfg = Debug|Any CPU
		{FD0751A8-EFF1-46C4-99BC-18BD1E69B147}.Debug|Any CPU.Build.0 = Debug|Any CPU
		{FD0751A8-EFF1-46C4-99BC-18BD1E69B147}.Release|Any CPU.ActiveCfg = Release|Any CPU
		{FD0751A8-EFF1-46C4-99BC-18BD1E69B147}.Release|Any CPU.Build.0 = Release|Any CPU
		{576EAD96-700C-4000-AA49-0EF27F08E92D}.Debug|Any CPU.ActiveCfg = Debug|Any CPU
		{576EAD96-700C-4000-AA49-0EF27F08E92D}.Debug|Any CPU.Build.0 = Debug|Any CPU
		{576EAD96-700C-4000-AA49-0EF27F08E92D}.Release|Any CPU.ActiveCfg = Release|Any CPU
		{576EAD96-700C-4000-AA49-0EF27F08E92D}.Release|Any CPU.Build.0 = Release|Any CPU
		{6E337A64-0BCF-457F-A86D-3CEA8948121A}.Debug|Any CPU.ActiveCfg = Debug|Any CPU
		{6E337A64-0BCF-457F-A86D-3CEA8948121A}.Debug|Any CPU.Build.0 = Debug|Any CPU
		{6E337A64-0BCF-457F-A86D-3CEA8948121A}.Release|Any CPU.ActiveCfg = Release|Any CPU
		{6E337A64-0BCF-457F-A86D-3CEA8948121A}.Release|Any CPU.Build.0 = Release|Any CPU
		{A5759730-91EF-465B-9FCA-60E5490C832F}.Debug|Any CPU.ActiveCfg = Debug|Any CPU
		{A5759730-91EF-465B-9FCA-60E5490C832F}.Debug|Any CPU.Build.0 = Debug|Any CPU
		{A5759730-91EF-465B-9FCA-60E5490C832F}.Release|Any CPU.ActiveCfg = Release|Any CPU
		{A5759730-91EF-465B-9FCA-60E5490C832F}.Release|Any CPU.Build.0 = Release|Any CPU
		{6C0AE8CF-EDD6-4BD7-95AE-5A4838C01785}.Debug|Any CPU.ActiveCfg = Debug|Any CPU
		{6C0AE8CF-EDD6-4BD7-95AE-5A4838C01785}.Debug|Any CPU.Build.0 = Debug|Any CPU
		{6C0AE8CF-EDD6-4BD7-95AE-5A4838C01785}.Release|Any CPU.ActiveCfg = Release|Any CPU
		{6C0AE8CF-EDD6-4BD7-95AE-5A4838C01785}.Release|Any CPU.Build.0 = Release|Any CPU
		{78C7839F-73DC-402C-848C-F12393BFDD53}.Debug|Any CPU.ActiveCfg = Debug|Any CPU
		{78C7839F-73DC-402C-848C-F12393BFDD53}.Debug|Any CPU.Build.0 = Debug|Any CPU
		{78C7839F-73DC-402C-848C-F12393BFDD53}.Release|Any CPU.ActiveCfg = Release|Any CPU
		{78C7839F-73DC-402C-848C-F12393BFDD53}.Release|Any CPU.Build.0 = Release|Any CPU
		{7397AD86-D0B0-4627-93A5-00C2A84686CB}.Debug|Any CPU.ActiveCfg = Debug|Any CPU
		{7397AD86-D0B0-4627-93A5-00C2A84686CB}.Debug|Any CPU.Build.0 = Debug|Any CPU
		{7397AD86-D0B0-4627-93A5-00C2A84686CB}.Release|Any CPU.ActiveCfg = Release|Any CPU
		{7397AD86-D0B0-4627-93A5-00C2A84686CB}.Release|Any CPU.Build.0 = Release|Any CPU
	EndGlobalSection
	GlobalSection(SolutionProperties) = preSolution
		HideSolutionNode = FALSE
	EndGlobalSection
	GlobalSection(ExtensibilityGlobals) = postSolution
		SolutionGuid = {D5ABC03C-1A89-4932-82B3-A2AAEAF22849}
	EndGlobalSection
EndGlobal
